// !$*UTF8*$!
{
	archiveVersion = 1;
	classes = {
	};
	objectVersion = 56;
	objects = {

/* Begin PBXBuildFile section */
		100000000000000000000001 /* MyujiguApp.swift in Sources */ = {isa = PBXBuildFile; fileRef = 200000000000000000000001 /* MyujiguApp.swift */; };
		100000000000000000000002 /* AppDelegate.swift in Sources */ = {isa = PBXBuildFile; fileRef = 200000000000000000000002 /* AppDelegate.swift */; };
		100000000000000000000003 /* AppModel.swift in Sources */ = {isa = PBXBuildFile; fileRef = 200000000000000000000003 /* AppModel.swift */; };
		100000000000000000000004 /* LyricsPopoverView.swift in Sources */ = {isa = PBXBuildFile; fileRef = 200000000000000000000004 /* LyricsPopoverView.swift */; };
		100000000000000000000005 /* SpotifyLoginView.swift in Sources */ = {isa = PBXBuildFile; fileRef = 200000000000000000000005 /* SpotifyLoginView.swift */; };
		100000000000000000000006 /* AppleMusicLyricsCache.swift in Sources */ = {isa = PBXBuildFile; fileRef = 200000000000000000000006 /* AppleMusicLyricsCache.swift */; };
		100000000000000000000007 /* Models.swift in Sources */ = {isa = PBXBuildFile; fileRef = 200000000000000000000007 /* Models.swift */; };
		100000000000000000000008 /* SpotifyAPI.swift in Sources */ = {isa = PBXBuildFile; fileRef = 200000000000000000000008 /* SpotifyAPI.swift */; };
		100000000000000000000009 /* SpotifyPlayer.swift in Sources */ = {isa = PBXBuildFile; fileRef = 200000000000000000000009 /* SpotifyPlayer.swift */; };
		10000000000000000000000A /* CredentialStore.swift in Sources */ = {isa = PBXBuildFile; fileRef = 20000000000000000000000A /* CredentialStore.swift */; };
		10000000000000000000000B /* AppleMusicPlayer.swift in Sources */ = {isa = PBXBuildFile; fileRef = 20000000000000000000000B /* AppleMusicPlayer.swift */; };
		10000000000000000000000C /* CEFLyricsCache.swift in Sources */ = {isa = PBXBuildFile; fileRef = 20000000000000000000000C /* CEFLyricsCache.swift */; };
		10000000000000000000000D /* MyujiguCoreTests.swift in Sources */ = {isa = PBXBuildFile; fileRef = 20000000000000000000000D /* MyujiguCoreTests.swift */; };
		10000000000000000000000E /* AppIcon.icns in Resources */ = {isa = PBXBuildFile; fileRef = 20000000000000000000000F /* AppIcon.icns */; };
		10000000000000000000000F /* MyujiguCore.framework in Frameworks */ = {isa = PBXBuildFile; fileRef = 200000000000000000000010 /* MyujiguCore.framework */; };
		100000000000000000000010 /* MyujiguCore.framework in Embed Frameworks */ = {isa = PBXBuildFile; fileRef = 200000000000000000000010 /* MyujiguCore.framework */; settings = {ATTRIBUTES = (CodeSignOnCopy, RemoveHeadersOnCopy, ); }; };
		100000000000000000000011 /* MyujiguCore.framework in Frameworks */ = {isa = PBXBuildFile; fileRef = 200000000000000000000010 /* MyujiguCore.framework */; };
		100000000000000000000012 /* LRCLIB.swift in Sources */ = {isa = PBXBuildFile; fileRef = 200000000000000000000013 /* LRCLIB.swift */; };
		100000000000000000000013 /* SystemNowPlayingPlayer.swift in Sources */ = {isa = PBXBuildFile; fileRef = 200000000000000000000014 /* SystemNowPlayingPlayer.swift */; };
		100000000000000000000014 /* RealtimeKaraoke.swift in Sources */ = {isa = PBXBuildFile; fileRef = 200000000000000000000015 /* RealtimeKaraoke.swift */; };
		100000000000000000000015 /* KaraokeWordTimeline.swift in Sources */ = {isa = PBXBuildFile; fileRef = 200000000000000000000016 /* KaraokeWordTimeline.swift */; };
/* End PBXBuildFile section */

/* Begin PBXContainerItemProxy section */
		300000000000000000000001 /* PBXContainerItemProxy */ = {
			isa = PBXContainerItemProxy;
			containerPortal = 400000000000000000000001 /* Project object */;
			proxyType = 1;
			remoteGlobalIDString = 500000000000000000000002;
			remoteInfo = MyujiguCore;
		};
		300000000000000000000002 /* PBXContainerItemProxy */ = {
			isa = PBXContainerItemProxy;
			containerPortal = 400000000000000000000001 /* Project object */;
			proxyType = 1;
			remoteGlobalIDString = 500000000000000000000002;
			remoteInfo = MyujiguCore;
		};
/* End PBXContainerItemProxy section */

/* Begin PBXCopyFilesBuildPhase section */
		600000000000000000000001 /* Embed Frameworks */ = {
			isa = PBXCopyFilesBuildPhase;
			buildActionMask = 2147483647;
			dstPath = "";
			dstSubfolderSpec = 10;
			files = (
				100000000000000000000010 /* MyujiguCore.framework in Embed Frameworks */,
			);
			name = "Embed Frameworks";
			runOnlyForDeploymentPostprocessing = 0;
		};
/* End PBXCopyFilesBuildPhase section */

/* Begin PBXFileReference section */
		200000000000000000000001 /* MyujiguApp.swift */ = {isa = PBXFileReference; lastKnownFileType = sourcecode.swift; path = MyujiguApp.swift; sourceTree = "<group>"; };
		200000000000000000000002 /* AppDelegate.swift */ = {isa = PBXFileReference; lastKnownFileType = sourcecode.swift; path = AppDelegate.swift; sourceTree = "<group>"; };
		200000000000000000000003 /* AppModel.swift */ = {isa = PBXFileReference; lastKnownFileType = sourcecode.swift; path = AppModel.swift; sourceTree = "<group>"; };
		200000000000000000000004 /* LyricsPopoverView.swift */ = {isa = PBXFileReference; lastKnownFileType = sourcecode.swift; path = LyricsPopoverView.swift; sourceTree = "<group>"; };
		200000000000000000000005 /* SpotifyLoginView.swift */ = {isa = PBXFileReference; lastKnownFileType = sourcecode.swift; path = SpotifyLoginView.swift; sourceTree = "<group>"; };
		200000000000000000000006 /* AppleMusicLyricsCache.swift */ = {isa = PBXFileReference; lastKnownFileType = sourcecode.swift; path = AppleMusicLyricsCache.swift; sourceTree = "<group>"; };
		200000000000000000000007 /* Models.swift */ = {isa = PBXFileReference; lastKnownFileType = sourcecode.swift; path = Models.swift; sourceTree = "<group>"; };
		200000000000000000000008 /* SpotifyAPI.swift */ = {isa = PBXFileReference; lastKnownFileType = sourcecode.swift; path = SpotifyAPI.swift; sourceTree = "<group>"; };
		200000000000000000000009 /* SpotifyPlayer.swift */ = {isa = PBXFileReference; lastKnownFileType = sourcecode.swift; path = SpotifyPlayer.swift; sourceTree = "<group>"; };
		20000000000000000000000A /* CredentialStore.swift */ = {isa = PBXFileReference; lastKnownFileType = sourcecode.swift; path = CredentialStore.swift; sourceTree = "<group>"; };
		20000000000000000000000B /* AppleMusicPlayer.swift */ = {isa = PBXFileReference; lastKnownFileType = sourcecode.swift; path = AppleMusicPlayer.swift; sourceTree = "<group>"; };
		20000000000000000000000C /* CEFLyricsCache.swift */ = {isa = PBXFileReference; lastKnownFileType = sourcecode.swift; path = CEFLyricsCache.swift; sourceTree = "<group>"; };
		20000000000000000000000D /* MyujiguCoreTests.swift */ = {isa = PBXFileReference; lastKnownFileType = sourcecode.swift; path = MyujiguCoreTests.swift; sourceTree = "<group>"; };
		20000000000000000000000E /* Info.plist */ = {isa = PBXFileReference; lastKnownFileType = text.plist.xml; path = Info.plist; sourceTree = "<group>"; };
		20000000000000000000000F /* AppIcon.icns */ = {isa = PBXFileReference; lastKnownFileType = image.icns; path = AppIcon.icns; sourceTree = "<group>"; };
		200000000000000000000010 /* MyujiguCore.framework */ = {isa = PBXFileReference; explicitFileType = wrapper.framework; includeInIndex = 0; path = MyujiguCore.framework; sourceTree = BUILT_PRODUCTS_DIR; };
		200000000000000000000011 /* Myujigu.app */ = {isa = PBXFileReference; explicitFileType = wrapper.application; includeInIndex = 0; path = Myujigu.app; sourceTree = BUILT_PRODUCTS_DIR; };
		200000000000000000000012 /* MyujiguCoreTests.xctest */ = {isa = PBXFileReference; explicitFileType = wrapper.cfbundle; includeInIndex = 0; path = MyujiguCoreTests.xctest; sourceTree = BUILT_PRODUCTS_DIR; };
		200000000000000000000013 /* LRCLIB.swift */ = {isa = PBXFileReference; lastKnownFileType = sourcecode.swift; path = LRCLIB.swift; sourceTree = "<group>"; };
		200000000000000000000014 /* SystemNowPlayingPlayer.swift */ = {isa = PBXFileReference; lastKnownFileType = sourcecode.swift; path = SystemNowPlayingPlayer.swift; sourceTree = "<group>"; };
		200000000000000000000015 /* RealtimeKaraoke.swift */ = {isa = PBXFileReference; lastKnownFileType = sourcecode.swift; path = RealtimeKaraoke.swift; sourceTree = "<group>"; };
		200000000000000000000016 /* KaraokeWordTimeline.swift */ = {isa = PBXFileReference; lastKnownFileType = sourcecode.swift; path = KaraokeWordTimeline.swift; sourceTree = "<group>"; };
/* End PBXFileReference section */

/* Begin PBXFrameworksBuildPhase section */
		700000000000000000000001 /* Frameworks */ = {
			isa = PBXFrameworksBuildPhase;
			buildActionMask = 2147483647;
			files = (
				10000000000000000000000F /* MyujiguCore.framework in Frameworks */,
			);
			runOnlyForDeploymentPostprocessing = 0;
		};
		700000000000000000000002 /* Frameworks */ = {
			isa = PBXFrameworksBuildPhase;
			buildActionMask = 2147483647;
			files = (
			);
			runOnlyForDeploymentPostprocessing = 0;
		};
		700000000000000000000003 /* Frameworks */ = {
			isa = PBXFrameworksBuildPhase;
			buildActionMask = 2147483647;
			files = (
				100000000000000000000011 /* MyujiguCore.framework in Frameworks */,
			);
			runOnlyForDeploymentPostprocessing = 0;
		};
/* End PBXFrameworksBuildPhase section */

/* Begin PBXGroup section */
		800000000000000000000001 = {
			isa = PBXGroup;
			children = (
				800000000000000000000002 /* Sources */,
				800000000000000000000005 /* Tests */,
				800000000000000000000007 /* Resources */,
				800000000000000000000008 /* Products */,
			);
			sourceTree = "<group>";
		};
		800000000000000000000002 /* Sources */ = {
			isa = PBXGroup;
			children = (
				800000000000000000000003 /* Myujigu */,
				800000000000000000000004 /* MyujiguCore */,
			);
			path = Sources;
			sourceTree = "<group>";
		};
		800000000000000000000003 /* Myujigu */ = {
			isa = PBXGroup;
			children = (
				200000000000000000000001 /* MyujiguApp.swift */,
				200000000000000000000002 /* AppDelegate.swift */,
				200000000000000000000003 /* AppModel.swift */,
				200000000000000000000004 /* LyricsPopoverView.swift */,
				200000000000000000000005 /* SpotifyLoginView.swift */,
				200000000000000000000015 /* RealtimeKaraoke.swift */,
			);
			path = Myujigu;
			sourceTree = "<group>";
		};
		800000000000000000000004 /* MyujiguCore */ = {
			isa = PBXGroup;
			children = (
				200000000000000000000006 /* AppleMusicLyricsCache.swift */,
				20000000000000000000000B /* AppleMusicPlayer.swift */,
				20000000000000000000000C /* CEFLyricsCache.swift */,
				20000000000000000000000A /* CredentialStore.swift */,
				200000000000000000000013 /* LRCLIB.swift */,
				200000000000000000000007 /* Models.swift */,
				200000000000000000000008 /* SpotifyAPI.swift */,
				200000000000000000000009 /* SpotifyPlayer.swift */,
				200000000000000000000014 /* SystemNowPlayingPlayer.swift */,
				200000000000000000000016 /* KaraokeWordTimeline.swift */,
			);
			path = MyujiguCore;
			sourceTree = "<group>";
		};
		800000000000000000000005 /* Tests */ = {
			isa = PBXGroup;
			children = (
				800000000000000000000006 /* MyujiguCoreTests */,
			);
			path = Tests;
			sourceTree = "<group>";
		};
		800000000000000000000006 /* MyujiguCoreTests */ = {
			isa = PBXGroup;
			children = (
				20000000000000000000000D /* MyujiguCoreTests.swift */,
			);
			path = MyujiguCoreTests;
			sourceTree = "<group>";
		};
		800000000000000000000007 /* Resources */ = {
			isa = PBXGroup;
			children = (
				20000000000000000000000F /* AppIcon.icns */,
				20000000000000000000000E /* Info.plist */,
			);
			path = Resources;
			sourceTree = "<group>";
		};
		800000000000000000000008 /* Products */ = {
			isa = PBXGroup;
			children = (
				200000000000000000000011 /* Myujigu.app */,
				200000000000000000000010 /* MyujiguCore.framework */,
				200000000000000000000012 /* MyujiguCoreTests.xctest */,
			);
			name = Products;
			sourceTree = "<group>";
		};
/* End PBXGroup section */

/* Begin PBXNativeTarget section */
		500000000000000000000001 /* Myujigu */ = {
			isa = PBXNativeTarget;
			buildConfigurationList = 900000000000000000000002 /* Build configuration list for PBXNativeTarget "Myujigu" */;
			buildPhases = (
				A00000000000000000000001 /* Sources */,
				700000000000000000000001 /* Frameworks */,
				A00000000000000000000004 /* Resources */,
				600000000000000000000001 /* Embed Frameworks */,
			);
			buildRules = (
			);
			dependencies = (
				B00000000000000000000001 /* PBXTargetDependency */,
			);
			name = Myujigu;
			productName = Myujigu;
			productReference = 200000000000000000000011 /* Myujigu.app */;
			productType = "com.apple.product-type.application";
		};
		500000000000000000000002 /* MyujiguCore */ = {
			isa = PBXNativeTarget;
			buildConfigurationList = 900000000000000000000003 /* Build configuration list for PBXNativeTarget "MyujiguCore" */;
			buildPhases = (
				A00000000000000000000002 /* Sources */,
				700000000000000000000002 /* Frameworks */,
			);
			buildRules = (
			);
			dependencies = (
			);
			name = MyujiguCore;
			productName = MyujiguCore;
			productReference = 200000000000000000000010 /* MyujiguCore.framework */;
			productType = "com.apple.product-type.framework";
		};
		500000000000000000000003 /* MyujiguCoreTests */ = {
			isa = PBXNativeTarget;
			buildConfigurationList = 900000000000000000000004 /* Build configuration list for PBXNativeTarget "MyujiguCoreTests" */;
			buildPhases = (
				A00000000000000000000003 /* Sources */,
				700000000000000000000003 /* Frameworks */,
			);
			buildRules = (
			);
			dependencies = (
				B00000000000000000000002 /* PBXTargetDependency */,
			);
			name = MyujiguCoreTests;
			productName = MyujiguCoreTests;
			productReference = 200000000000000000000012 /* MyujiguCoreTests.xctest */;
			productType = "com.apple.product-type.bundle.unit-test";
		};
/* End PBXNativeTarget section */

/* Begin PBXProject section */
		400000000000000000000001 /* Project object */ = {
			isa = PBXProject;
			attributes = {
				BuildIndependentTargetsInParallel = 1;
				LastSwiftUpdateCheck = 2630;
				LastUpgradeCheck = 2630;
				TargetAttributes = {
					500000000000000000000001 = {
						CreatedOnToolsVersion = 26.3;
					};
					500000000000000000000002 = {
						CreatedOnToolsVersion = 26.3;
					};
					500000000000000000000003 = {
						CreatedOnToolsVersion = 26.3;
					};
				};
			};
			buildConfigurationList = 900000000000000000000001 /* Build configuration list for PBXProject "Myujigu" */;
			compatibilityVersion = "Xcode 14.0";
			developmentRegion = en;
			hasScannedForEncodings = 0;
			knownRegions = (
				en,
				Base,
			);
			mainGroup = 800000000000000000000001;
			productRefGroup = 800000000000000000000008 /* Products */;
			projectDirPath = "";
			projectRoot = "";
			targets = (
				500000000000000000000001 /* Myujigu */,
				500000000000000000000002 /* MyujiguCore */,
				500000000000000000000003 /* MyujiguCoreTests */,
			);
		};
/* End PBXProject section */

/* Begin PBXResourcesBuildPhase section */
		A00000000000000000000004 /* Resources */ = {
			isa = PBXResourcesBuildPhase;
			buildActionMask = 2147483647;
			files = (
				10000000000000000000000E /* AppIcon.icns in Resources */,
			);
			runOnlyForDeploymentPostprocessing = 0;
		};
/* End PBXResourcesBuildPhase section */

/* Begin PBXSourcesBuildPhase section */
		A00000000000000000000001 /* Sources */ = {
			isa = PBXSourcesBuildPhase;
			buildActionMask = 2147483647;
			files = (
				100000000000000000000001 /* MyujiguApp.swift in Sources */,
				100000000000000000000002 /* AppDelegate.swift in Sources */,
				100000000000000000000003 /* AppModel.swift in Sources */,
				100000000000000000000004 /* LyricsPopoverView.swift in Sources */,
				100000000000000000000005 /* SpotifyLoginView.swift in Sources */,
				100000000000000000000014 /* RealtimeKaraoke.swift in Sources */,
			);
			runOnlyForDeploymentPostprocessing = 0;
		};
		A00000000000000000000002 /* Sources */ = {
			isa = PBXSourcesBuildPhase;
			buildActionMask = 2147483647;
			files = (
				100000000000000000000006 /* AppleMusicLyricsCache.swift in Sources */,
				10000000000000000000000B /* AppleMusicPlayer.swift in Sources */,
				10000000000000000000000C /* CEFLyricsCache.swift in Sources */,
				10000000000000000000000A /* CredentialStore.swift in Sources */,
				100000000000000000000012 /* LRCLIB.swift in Sources */,
				100000000000000000000007 /* Models.swift in Sources */,
				100000000000000000000008 /* SpotifyAPI.swift in Sources */,
				100000000000000000000009 /* SpotifyPlayer.swift in Sources */,
				100000000000000000000013 /* SystemNowPlayingPlayer.swift in Sources */,
				100000000000000000000015 /* KaraokeWordTimeline.swift in Sources */,
			);
			runOnlyForDeploymentPostprocessing = 0;
		};
		A00000000000000000000003 /* Sources */ = {
			isa = PBXSourcesBuildPhase;
			buildActionMask = 2147483647;
			files = (
				10000000000000000000000D /* MyujiguCoreTests.swift in Sources */,
			);
			runOnlyForDeploymentPostprocessing = 0;
		};
/* End PBXSourcesBuildPhase section */

/* Begin PBXTargetDependency section */
		B00000000000000000000001 /* PBXTargetDependency */ = {
			isa = PBXTargetDependency;
			target = 500000000000000000000002 /* MyujiguCore */;
			targetProxy = 300000000000000000000001 /* PBXContainerItemProxy */;
		};
		B00000000000000000000002 /* PBXTargetDependency */ = {
			isa = PBXTargetDependency;
			target = 500000000000000000000002 /* MyujiguCore */;
			targetProxy = 300000000000000000000002 /* PBXContainerItemProxy */;
		};
/* End PBXTargetDependency section */

/* Begin XCBuildConfiguration section */
		C00000000000000000000001 /* Debug */ = {
			isa = XCBuildConfiguration;
			buildSettings = {
				ALWAYS_SEARCH_USER_PATHS = NO;
				CLANG_ANALYZER_NONNULL = YES;
				CLANG_ANALYZER_NUMBER_OBJECT_CONVERSION = YES_AGGRESSIVE;
				CLANG_CXX_LANGUAGE_STANDARD = "gnu++20";
				CLANG_ENABLE_MODULES = YES;
				CLANG_ENABLE_OBJC_ARC = YES;
				CLANG_ENABLE_OBJC_WEAK = YES;
				CLANG_WARN_BLOCK_CAPTURE_AUTORELEASING = YES;
				CLANG_WARN_BOOL_CONVERSION = YES;
				CLANG_WARN_COMMA = YES;
				CLANG_WARN_CONSTANT_CONVERSION = YES;
				CLANG_WARN_DEPRECATED_OBJC_IMPLEMENTATIONS = YES;
				CLANG_WARN_DIRECT_OBJC_ISA_USAGE = YES_ERROR;
				CLANG_WARN_DOCUMENTATION_COMMENTS = YES;
				CLANG_WARN_EMPTY_BODY = YES;
				CLANG_WARN_ENUM_CONVERSION = YES;
				CLANG_WARN_INFINITE_RECURSION = YES;
				CLANG_WARN_INT_CONVERSION = YES;
				CLANG_WARN_NON_LITERAL_NULL_CONVERSION = YES;
				CLANG_WARN_OBJC_IMPLICIT_RETAIN_SELF = YES;
				CLANG_WARN_OBJC_LITERAL_CONVERSION = YES;
				CLANG_WARN_OBJC_ROOT_CLASS = YES_ERROR;
				CLANG_WARN_QUOTED_INCLUDE_IN_FRAMEWORK_HEADER = YES;
				CLANG_WARN_RANGE_LOOP_ANALYSIS = YES;
				CLANG_WARN_STRICT_PROTOTYPES = YES;
				CLANG_WARN_SUSPICIOUS_MOVE = YES;
				CLANG_WARN_UNGUARDED_AVAILABILITY = YES_AGGRESSIVE;
				CLANG_WARN_UNREACHABLE_CODE = YES;
				CLANG_WARN__DUPLICATE_METHOD_MATCH = YES;
				COPY_PHASE_STRIP = NO;
				DEBUG_INFORMATION_FORMAT = dwarf;
				ENABLE_STRICT_OBJC_MSGSEND = YES;
				ENABLE_TESTABILITY = YES;
				GCC_C_LANGUAGE_STANDARD = gnu17;
				GCC_NO_COMMON_BLOCKS = YES;
				GCC_OPTIMIZATION_LEVEL = 0;
				GCC_PREPROCESSOR_DEFINITIONS = (
					"DEBUG=1",
					"$(inherited)",
				);
				GCC_WARN_64_TO_32_BIT_CONVERSION = YES;
				GCC_WARN_ABOUT_RETURN_TYPE = YES_ERROR;
				GCC_WARN_UNDECLARED_SELECTOR = YES;
				GCC_WARN_UNINITIALIZED_AUTOS = YES_AGGRESSIVE;
				GCC_WARN_UNUSED_FUNCTION = YES;
				GCC_WARN_UNUSED_VARIABLE = YES;
				LOCALIZATION_PREFERS_STRING_CATALOGS = YES;
				MACOSX_DEPLOYMENT_TARGET = 13.0;
				MTL_ENABLE_DEBUG_INFO = INCLUDE_SOURCE;
				MTL_FAST_MATH = YES;
				ONLY_ACTIVE_ARCH = YES;
				SDKROOT = macosx;
				SWIFT_ACTIVE_COMPILATION_CONDITIONS = "DEBUG $(inherited)";
				SWIFT_OPTIMIZATION_LEVEL = "-Onone";
			};
			name = Debug;
		};
		C00000000000000000000002 /* Release */ = {
			isa = XCBuildConfiguration;
			buildSettings = {
				ALWAYS_SEARCH_USER_PATHS = NO;
				CLANG_ANALYZER_NONNULL = YES;
				CLANG_ANALYZER_NUMBER_OBJECT_CONVERSION = YES_AGGRESSIVE;
				CLANG_CXX_LANGUAGE_STANDARD = "gnu++20";
				CLANG_ENABLE_MODULES = YES;
				CLANG_ENABLE_OBJC_ARC = YES;
				CLANG_ENABLE_OBJC_WEAK = YES;
				CLANG_WARN_BLOCK_CAPTURE_AUTORELEASING = YES;
				CLANG_WARN_BOOL_CONVERSION = YES;
				CLANG_WARN_COMMA = YES;
				CLANG_WARN_CONSTANT_CONVERSION = YES;
				CLANG_WARN_DEPRECATED_OBJC_IMPLEMENTATIONS = YES;
				CLANG_WARN_DIRECT_OBJC_ISA_USAGE = YES_ERROR;
				CLANG_WARN_DOCUMENTATION_COMMENTS = YES;
				CLANG_WARN_EMPTY_BODY = YES;
				CLANG_WARN_ENUM_CONVERSION = YES;
				CLANG_WARN_INFINITE_RECURSION = YES;
				CLANG_WARN_INT_CONVERSION = YES;
				CLANG_WARN_NON_LITERAL_NULL_CONVERSION = YES;
				CLANG_WARN_OBJC_IMPLICIT_RETAIN_SELF = YES;
				CLANG_WARN_OBJC_LITERAL_CONVERSION = YES;
				CLANG_WARN_OBJC_ROOT_CLASS = YES_ERROR;
				CLANG_WARN_QUOTED_INCLUDE_IN_FRAMEWORK_HEADER = YES;
				CLANG_WARN_RANGE_LOOP_ANALYSIS = YES;
				CLANG_WARN_STRICT_PROTOTYPES = YES;
				CLANG_WARN_SUSPICIOUS_MOVE = YES;
				CLANG_WARN_UNGUARDED_AVAILABILITY = YES_AGGRESSIVE;
				CLANG_WARN_UNREACHABLE_CODE = YES;
				CLANG_WARN__DUPLICATE_METHOD_MATCH = YES;
				COPY_PHASE_STRIP = NO;
				DEBUG_INFORMATION_FORMAT = "dwarf-with-dsym";
				ENABLE_NS_ASSERTIONS = NO;
				ENABLE_STRICT_OBJC_MSGSEND = YES;
				GCC_C_LANGUAGE_STANDARD = gnu17;
				GCC_NO_COMMON_BLOCKS = YES;
				GCC_WARN_64_TO_32_BIT_CONVERSION = YES;
				GCC_WARN_ABOUT_RETURN_TYPE = YES_ERROR;
				GCC_WARN_UNDECLARED_SELECTOR = YES;
				GCC_WARN_UNINITIALIZED_AUTOS = YES_AGGRESSIVE;
				GCC_WARN_UNUSED_FUNCTION = YES;
				GCC_WARN_UNUSED_VARIABLE = YES;
				LOCALIZATION_PREFERS_STRING_CATALOGS = YES;
				MACOSX_DEPLOYMENT_TARGET = 13.0;
				MTL_ENABLE_DEBUG_INFO = NO;
				MTL_FAST_MATH = YES;
				SDKROOT = macosx;
				SWIFT_COMPILATION_MODE = wholemodule;
			};
			name = Release;
		};
		C00000000000000000000003 /* Debug */ = {
			isa = XCBuildConfiguration;
			buildSettings = {
				CODE_SIGN_IDENTITY = "-";
				CODE_SIGN_STYLE = Automatic;
				COMBINE_HIDPI_IMAGES = YES;
				ENABLE_HARDENED_RUNTIME = NO;
				GENERATE_INFOPLIST_FILE = NO;
				INFOPLIST_FILE = Resources/Info.plist;
				LD_RUNPATH_SEARCH_PATHS = (
					"$(inherited)",
					"@executable_path/../Frameworks",
				);
				PRODUCT_BUNDLE_IDENTIFIER = com.myujigu.menubar;
				PRODUCT_NAME = "$(TARGET_NAME)";
				SWIFT_EMIT_LOC_STRINGS = YES;
				SWIFT_VERSION = 5.0;
			};
			name = Debug;
		};
		C00000000000000000000004 /* Release */ = {
			isa = XCBuildConfiguration;
			buildSettings = {
				CODE_SIGN_IDENTITY = "-";
				CODE_SIGN_STYLE = Automatic;
				COMBINE_HIDPI_IMAGES = YES;
				ENABLE_HARDENED_RUNTIME = NO;
				GENERATE_INFOPLIST_FILE = NO;
				INFOPLIST_FILE = Resources/Info.plist;
				LD_RUNPATH_SEARCH_PATHS = (
					"$(inherited)",
					"@executable_path/../Frameworks",
				);
				PRODUCT_BUNDLE_IDENTIFIER = com.myujigu.menubar;
				PRODUCT_NAME = "$(TARGET_NAME)";
				SWIFT_EMIT_LOC_STRINGS = YES;
				SWIFT_VERSION = 5.0;
			};
			name = Release;
		};
		C00000000000000000000005 /* Debug */ = {
			isa = XCBuildConfiguration;
			buildSettings = {
				CODE_SIGN_IDENTITY = "-";
				CODE_SIGN_STYLE = Automatic;
				DEFINES_MODULE = YES;
				DYLIB_COMPATIBILITY_VERSION = 1;
				DYLIB_CURRENT_VERSION = 1;
				DYLIB_INSTALL_NAME_BASE = "@rpath";
				GENERATE_INFOPLIST_FILE = YES;
				INSTALL_PATH = "$(LOCAL_LIBRARY_DIR)/Frameworks";
				PRODUCT_BUNDLE_IDENTIFIER = com.myujigu.core;
				PRODUCT_NAME = "$(TARGET_NAME)";
				SKIP_INSTALL = YES;
				SWIFT_EMIT_LOC_STRINGS = NO;
				SWIFT_VERSION = 5.0;
			};
			name = Debug;
		};
		C00000000000000000000006 /* Release */ = {
			isa = XCBuildConfiguration;
			buildSettings = {
				CODE_SIGN_IDENTITY = "-";
				CODE_SIGN_STYLE = Automatic;
				DEFINES_MODULE = YES;
				DYLIB_COMPATIBILITY_VERSION = 1;
				DYLIB_CURRENT_VERSION = 1;
				DYLIB_INSTALL_NAME_BASE = "@rpath";
				GENERATE_INFOPLIST_FILE = YES;
				INSTALL_PATH = "$(LOCAL_LIBRARY_DIR)/Frameworks";
				PRODUCT_BUNDLE_IDENTIFIER = com.myujigu.core;
				PRODUCT_NAME = "$(TARGET_NAME)";
				SKIP_INSTALL = YES;
				SWIFT_EMIT_LOC_STRINGS = NO;
				SWIFT_VERSION = 5.0;
			};
			name = Release;
		};
		C00000000000000000000007 /* Debug */ = {
			isa = XCBuildConfiguration;
			buildSettings = {
				BUNDLE_LOADER = "";
				CODE_SIGN_IDENTITY = "-";
				CODE_SIGN_STYLE = Automatic;
				GENERATE_INFOPLIST_FILE = YES;
				LD_RUNPATH_SEARCH_PATHS = (
					"$(inherited)",
					"@loader_path/../Frameworks",
					"@loader_path/../../..",
				);
				PRODUCT_BUNDLE_IDENTIFIER = com.myujigu.coretests;
				PRODUCT_NAME = "$(TARGET_NAME)";
				SWIFT_EMIT_LOC_STRINGS = NO;
				SWIFT_VERSION = 5.0;
				TEST_HOST = "";
			};
			name = Debug;
		};
		C00000000000000000000008 /* Release */ = {
			isa = XCBuildConfiguration;
			buildSettings = {
				BUNDLE_LOADER = "";
				CODE_SIGN_IDENTITY = "-";
				CODE_SIGN_STYLE = Automatic;
				GENERATE_INFOPLIST_FILE = YES;
				LD_RUNPATH_SEARCH_PATHS = (
					"$(inherited)",
					"@loader_path/../Frameworks",
					"@loader_path/../../..",
				);
				PRODUCT_BUNDLE_IDENTIFIER = com.myujigu.coretests;
				PRODUCT_NAME = "$(TARGET_NAME)";
				SWIFT_EMIT_LOC_STRINGS = NO;
				SWIFT_VERSION = 5.0;
				TEST_HOST = "";
			};
			name = Release;
		};
/* End XCBuildConfiguration section */

/* Begin XCConfigurationList section */
		900000000000000000000001 /* Build configuration list for PBXProject "Myujigu" */ = {
			isa = XCConfigurationList;
			buildConfigurations = (
				C00000000000000000000001 /* Debug */,
				C00000000000000000000002 /* Release */,
			);
			defaultConfigurationIsVisible = 0;
			defaultConfigurationName = Release;
		};
		900000000000000000000002 /* Build configuration list for PBXNativeTarget "Myujigu" */ = {
			isa = XCConfigurationList;
			buildConfigurations = (
				C00000000000000000000003 /* Debug */,
				C00000000000000000000004 /* Release */,
			);
			defaultConfigurationIsVisible = 0;
			defaultConfigurationName = Release;
		};
		900000000000000000000003 /* Build configuration list for PBXNativeTarget "MyujiguCore" */ = {
			isa = XCConfigurationList;
			buildConfigurations = (
				C00000000000000000000005 /* Debug */,
				C00000000000000000000006 /* Release */,
			);
			defaultConfigurationIsVisible = 0;
			defaultConfigurationName = Release;
		};
		900000000000000000000004 /* Build configuration list for PBXNativeTarget "MyujiguCoreTests" */ = {
			isa = XCConfigurationList;
			buildConfigurations = (
				C00000000000000000000007 /* Debug */,
				C00000000000000000000008 /* Release */,
			);
			defaultConfigurationIsVisible = 0;
			defaultConfigurationName = Release;
		};
/* End XCConfigurationList section */
	};
	rootObject = 400000000000000000000001 /* Project object */;
}
